// !$*UTF8*$!
{
	archiveVersion = 1;
	classes = {
	};
	objectVersion = 50;
	objects = {

/* Begin PBXBuildFile section */
		4758FE6E2531D335009E8EFA /* AppDelegate.swift in Sources */ = {isa = PBXBuildFile; fileRef = 4758FE6D2531D335009E8EFA /* AppDelegate.swift */; };
		4758FE702531D335009E8EFA /* SceneDelegate.swift in Sources */ = {isa = PBXBuildFile; fileRef = 4758FE6F2531D335009E8EFA /* SceneDelegate.swift */; };
		4758FE722531D335009E8EFA /* ViewController.swift in Sources */ = {isa = PBXBuildFile; fileRef = 4758FE712531D335009E8EFA /* ViewController.swift */; };
		4758FE752531D335009E8EFA /* Main.storyboard in Resources */ = {isa = PBXBuildFile; fileRef = 4758FE732531D335009E8EFA /* Main.storyboard */; };
		4758FE772531D337009E8EFA /* Assets.xcassets in Resources */ = {isa = PBXBuildFile; fileRef = 4758FE762531D337009E8EFA /* Assets.xcassets */; };
		4758FE7A2531D337009E8EFA /* LaunchScreen.storyboard in Resources */ = {isa = PBXBuildFile; fileRef = 4758FE782531D337009E8EFA /* LaunchScreen.storyboard */; };
/* End PBXBuildFile section */

/* Begin PBXFileReference section */
		4758FE6A2531D335009E8EFA /* StockPerformanceComparer.app */ = {isa = PBXFileReference; explicitFileType = wrapper.application; includeInIndex = 0; path = StockPerformanceComparer.app; sourceTree = BUILT_PRODUCTS_DIR; };
		4758FE6D2531D335009E8EFA /* AppDelegate.swift */ = {isa = PBXFileReference; lastKnownFileType = sourcecode.swift; path = AppDelegate.swift; sourceTree = "<group>"; };
		4758FE6F2531D335009E8EFA /* SceneDelegate.swift */ = {isa = PBXFileReference; lastKnownFileType = sourcecode.swift; path = SceneDelegate.swift; sourceTree = "<group>"; };
		4758FE712531D335009E8EFA /* ViewController.swift */ = {isa = PBXFileReference; lastKnownFileType = sourcecode.swift; path = ViewController.swift; sourceTree = "<group>"; };
		4758FE742531D335009E8EFA /* Base */ = {isa = PBXFileReference; lastKnownFileType = file.storyboard; name = Base; path = Base.lproj/Main.storyboard; sourceTree = "<group>"; };
		4758FE762531D337009E8EFA /* Assets.xcassets */ = {isa = PBXFileReference; lastKnownFileType = folder.assetcatalog; path = Assets.xcassets; sourceTree = "<group>"; };
		4758FE792531D337009E8EFA /* Base */ = {isa = PBXFileReference; lastKnownFileType = file.storyboard; name = Base; path = Base.lproj/LaunchScreen.storyboard; sourceTree = "<group>"; };
		4758FE7B2531D337009E8EFA /* Info.plist */ = {isa = PBXFileReference; lastKnownFileType = text.plist.xml; path = Info.plist; sourceTree = "<group>"; };
/* End PBXFileReference section */

/* Begin PBXFrameworksBuildPhase section */
		4758FE672531D335009E8EFA /* Frameworks */ = {
			isa = PBXFrameworksBuildPhase;
			buildActionMask = 2147483647;
			files = (
			);
			runOnlyForDeploymentPostprocessing = 0;
		};
/* End PBXFrameworksBuildPhase section */

/* Begin PBXGroup section */
		4758FE612531D335009E8EFA = {
			isa = PBXGroup;
			children = (
				4758FE6C2531D335009E8EFA /* StockPerformanceComparer */,
				4758FE6B2531D335009E8EFA /* Products */,
			);
			sourceTree = "<group>";
		};
		4758FE6B2531D335009E8EFA /* Products */ = {
			isa = PBXGroup;
			children = (
				4758FE6A2531D335009E8EFA /* StockPerformanceComparer.app */,
			);
			name = Products;
			sourceTree = "<group>";
		};
		4758FE6C2531D335009E8EFA /* StockPerformanceComparer */ = {
			isa = PBXGroup;
			children = (
				4758FE6D2531D335009E8EFA /* AppDelegate.swift */,
				4758FE6F2531D335009E8EFA /* SceneDelegate.swift */,
				4758FE712531D335009E8EFA /* ViewController.swift */,
				4758FE732531D335009E8EFA /* Main.storyboard */,
				4758FE762531D337009E8EFA /* Assets.xcassets */,
				4758FE782531D337009E8EFA /* LaunchScreen.storyboard */,
				4758FE7B2531D337009E8EFA /* Info.plist */,
			);
			path = StockPerformanceComparer;
			sourceTree = "<group>";
		};
/* End PBXGroup section */

/* Begin PBXNativeTarget section */
		4758FE692531D335009E8EFA /* StockPerformanceComparer */ = {
			isa = PBXNativeTarget;
			buildConfigurationList = 4758FE7E2531D337009E8EFA /* Build configuration list for PBXNativeTarget "StockPerformanceComparer" */;
			buildPhases = (
				4758FE662531D335009E8EFA /* Sources */,
				4758FE672531D335009E8EFA /* Frameworks */,
				4758FE682531D335009E8EFA /* Resources */,
			);
			buildRules = (
			);
			dependencies = (
			);
			name = StockPerformanceComparer;
			productName = StockPerformanceComparer;
			productReference = 4758FE6A2531D335009E8EFA /* StockPerformanceComparer.app */;
			productType = "com.apple.product-type.application";
		};
/* End PBXNativeTarget section */

/* Begin PBXProject section */
		4758FE622531D335009E8EFA /* Project object */ = {
			isa = PBXProject;
			attributes = {
				LastSwiftUpdateCheck = 1200;
				LastUpgradeCheck = 1200;
				TargetAttributes = {
					4758FE692531D335009E8EFA = {
						CreatedOnToolsVersion = 12.0.1;
					};
				};
			};
			buildConfigurationList = 4758FE652531D335009E8EFA /* Build configuration list for PBXProject "StockPerformanceComparer" */;
			compatibilityVersion = "Xcode 9.3";
			developmentRegion = en;
			hasScannedForEncodings = 0;
			knownRegions = (
				en,
				Base,
			);
			mainGroup = 4758FE612531D335009E8EFA;
			productRefGroup = 4758FE6B2531D335009E8EFA /* Products */;
			projectDirPath = "";
			projectRoot = "";
			targets = (
				4758FE692531D335009E8EFA /* StockPerformanceComparer */,
			);
		};
/* End PBXProject section */

/* Begin PBXResourcesBuildPhase section */
		4758FE682531D335009E8EFA /* Resources */ = {
			isa = PBXResourcesBuildPhase;
			buildActionMask = 2147483647;
			files = (
				4758FE7A2531D337009E8EFA /* LaunchScreen.storyboard in Resources */,
				4758FE772531D337009E8EFA /* Assets.xcassets in Resources */,
				4758FE752531D335009E8EFA /* Main.storyboard in Resources */,
			);
			runOnlyForDeploymentPostprocessing = 0;
		};
/* End PBXResourcesBuildPhase section */

/* Begin PBXSourcesBuildPhase section */
		4758FE662531D335009E8EFA /* Sources */ = {
			isa = PBXSourcesBuildPhase;
			buildActionMask = 2147483647;
			files = (
				4758FE722531D335009E8EFA /* ViewController.swift in Sources */,
				4758FE6E2531D335009E8EFA /* AppDelegate.swift in Sources */,
				4758FE702531D335009E8EFA /* SceneDelegate.swift in Sources */,
			);
			runOnlyForDeploymentPostprocessing = 0;
		};
/* End PBXSourcesBuildPhase section */

/* Begin PBXVariantGroup section */
		4758FE732531D335009E8EFA /* Main.storyboard */ = {
			isa = PBXVariantGroup;
			children = (
				4758FE742531D335009E8EFA /* Base */,
			);
			name = Main.storyboard;
			sourceTree = "<group>";
		};
		4758FE782531D337009E8EFA /* LaunchScreen.storyboard */ = {
			isa = PBXVariantGroup;
			children = (
				4758FE792531D337009E8EFA /* Base */,
			);
			name = LaunchScreen.storyboard;
			sourceTree = "<group>";
		};
/* End PBXVariantGroup section */

/* Begin XCBuildConfiguration section */
		4758FE7C2531D337009E8EFA /* Debug */ = {
			isa = XCBuildConfiguration;
			buildSettings = {
				ALWAYS_SEARCH_USER_PATHS = NO;
				CLANG_ANALYZER_NONNULL = YES;
				CLANG_ANALYZER_NUMBER_OBJECT_CONVERSION = YES_AGGRESSIVE;
				CLANG_CXX_LANGUAGE_STANDARD = "gnu++14";
				CLANG_CXX_LIBRARY = "libc++";
				CLANG_ENABLE_MODULES = YES;
				CLANG_ENABLE_OBJC_ARC = YES;
				CLANG_ENABLE_OBJC_WEAK = YES;
				CLANG_WARN_BLOCK_CAPTURE_AUTORELEASING = YES;
				CLANG_WARN_BOOL_CONVERSION = YES;
				CLANG_WARN_COMMA = YES;
				CLANG_WARN_CONSTANT_CONVERSION = YES;
				CLANG_WARN_DEPRECATED_OBJC_IMPLEMENTATIONS = YES;
				CLANG_WARN_DIRECT_OBJC_ISA_USAGE = YES_ERROR;
				CLANG_WARN_DOCUMENTATION_COMMENTS = YES;
				CLANG_WARN_EMPTY_BODY = YES;
				CLANG_WARN_ENUM_CONVERSION = YES;
				CLANG_WARN_INFINITE_RECURSION = YES;
				CLANG_WARN_INT_CONVERSION = YES;
				CLANG_WARN_NON_LITERAL_NULL_CONVERSION = YES;
				CLANG_WARN_OBJC_IMPLICIT_RETAIN_SELF = YES;
				CLANG_WARN_OBJC_LITERAL_CONVERSION = YES;
				CLANG_WARN_OBJC_ROOT_CLASS = YES_ERROR;
				CLANG_WARN_QUOTED_INCLUDE_IN_FRAMEWORK_HEADER = YES;
				CLANG_WARN_RANGE_LOOP_ANALYSIS = YES;
				CLANG_WARN_STRICT_PROTOTYPES = YES;
				CLANG_WARN_SUSPICIOUS_MOVE = YES;
				CLANG_WARN_UNGUARDED_AVAILABILITY = YES_AGGRESSIVE;
				CLANG_WARN_UNREACHABLE_CODE = YES;
				CLANG_WARN__DUPLICATE_METHOD_MATCH = YES;
				COPY_PHASE_STRIP = NO;
				DEBUG_INFORMATION_FORMAT = dwarf;
				ENABLE_STRICT_OBJC_MSGSEND = YES;
				ENABLE_TESTABILITY = YES;
				GCC_C_LANGUAGE_STANDARD = gnu11;
				GCC_DYNAMIC_NO_PIC = NO;
				GCC_NO_COMMON_BLOCKS = YES;
				GCC_OPTIMIZATION_LEVEL = 0;
				GCC_PREPROCESSOR_DEFINITIONS = (
					"DEBUG=1",
					"$(inherited)",
				);
				GCC_WARN_64_TO_32_BIT_CONVERSION = YES;
				GCC_WARN_ABOUT_RETURN_TYPE = YES_ERROR;
				GCC_WARN_UNDECLARED_SELECTOR = YES;
				GCC_WARN_UNINITIALIZED_AUTOS = YES_AGGRESSIVE;
				GCC_WARN_UNUSED_FUNCTION = YES;
				GCC_WARN_UNUSED_VARIABLE = YES;
				IPHONEOS_DEPLOYMENT_TARGET = 14.0;
				MTL_ENABLE_DEBUG_INFO = INCLUDE_SOURCE;
				MTL_FAST_MATH = YES;
				ONLY_ACTIVE_ARCH = YES;
				SDKROOT = iphoneos;
				SWIFT_ACTIVE_COMPILATION_CONDITIONS = DEBUG;
				SWIFT_OPTIMIZATION_LEVEL = "-Onone";
			};
			name = Debug;
		};
		4758FE7D2531D337009E8EFA /* Release */ = {
			isa = XCBuildConfiguration;
			buildSettings = {
				ALWAYS_SEARCH_USER_PATHS = NO;
				CLANG_ANALYZER_NONNULL = YES;
				CLANG_ANALYZER_NUMBER_OBJECT_CONVERSION = YES_AGGRESSIVE;
				CLANG_CXX_LANGUAGE_STANDARD = "gnu++14";
				CLANG_CXX_LIBRARY = "libc++";
				CLANG_ENABLE_MODULES = YES;
				CLANG_ENABLE_OBJC_ARC = YES;
				CLANG_ENABLE_OBJC_WEAK = YES;
				CLANG_WARN_BLOCK_CAPTURE_AUTORELEASING = YES;
				CLANG_WARN_BOOL_CONVERSION = YES;
				CLANG_WARN_COMMA = YES;
				CLANG_WARN_CONSTANT_CONVERSION = YES;
				CLANG_WARN_DEPRECATED_OBJC_IMPLEMENTATIONS = YES;
				CLANG_WARN_DIRECT_OBJC_ISA_USAGE = YES_ERROR;
				CLANG_WARN_DOCUMENTATION_COMMENTS = YES;
				CLANG_WARN_EMPTY_BODY = YES;
				CLANG_WARN_ENUM_CONVERSION = YES;
				CLANG_WARN_INFINITE_RECURSION = YES;
				CLANG_WARN_INT_CONVERSION = YES;
				CLANG_WARN_NON_LITERAL_NULL_CONVERSION = YES;
				CLANG_WARN_OBJC_IMPLICIT_RETAIN_SELF = YES;
				CLANG_WARN_OBJC_LITERAL_CONVERSION = YES;
				CLANG_WARN_OBJC_ROOT_CLASS = YES_ERROR;
				CLANG_WARN_QUOTED_INCLUDE_IN_FRAMEWORK_HEADER = YES;
				CLANG_WARN_RANGE_LOOP_ANALYSIS = YES;
				CLANG_WARN_STRICT_PROTOTYPES = YES;
				CLANG_WARN_SUSPICIOUS_MOVE = YES;
				CLANG_WARN_UNGUARDED_AVAILABILITY = YES_AGGRESSIVE;
				CLANG_WARN_UNREACHABLE_CODE = YES;
				CLANG_WARN__DUPLICATE_METHOD_MATCH = YES;
				COPY_PHASE_STRIP = NO;
				DEBUG_INFORMATION_FORMAT = "dwarf-with-dsym";
				ENABLE_NS_ASSERTIONS = NO;
				ENABLE_STRICT_OBJC_MSGSEND = YES;
				GCC_C_LANGUAGE_STANDARD = gnu11;
				GCC_NO_COMMON_BLOCKS = YES;
				GCC_WARN_64_TO_32_BIT_CONVERSION = YES;
				GCC_WARN_ABOUT_RETURN_TYPE = YES_ERROR;
				GCC_WARN_UNDECLARED_SELECTOR = YES;
				GCC_WARN_UNINITIALIZED_AUTOS = YES_AGGRESSIVE;
				GCC_WARN_UNUSED_FUNCTION = YES;
				GCC_WARN_UNUSED_VARIABLE = YES;
				IPHONEOS_DEPLOYMENT_TARGET = 14.0;
				MTL_ENABLE_DEBUG_INFO = NO;
				MTL_FAST_MATH = YES;
				SDKROOT = iphoneos;
				SWIFT_COMPILATION_MODE = wholemodule;
				SWIFT_OPTIMIZATION_LEVEL = "-O";
				VALIDATE_PRODUCT = YES;
			};
			name = Release;
		};
		4758FE7F2531D337009E8EFA /* Debug */ = {
			isa = XCBuildConfiguration;
			buildSettings = {
				ASSETCATALOG_COMPILER_APPICON_NAME = AppIcon;
				ASSETCATALOG_COMPILER_GLOBAL_ACCENT_COLOR_NAME = AccentColor;
				CODE_SIGN_STYLE = Automatic;
				DEVELOPMENT_TEAM = UFVQR8GUDT;
				INFOPLIST_FILE = StockPerformanceComparer/Info.plist;
				LD_RUNPATH_SEARCH_PATHS = (
					"$(inherited)",
					"@executable_path/Frameworks",
				);
				PRODUCT_BUNDLE_IDENTIFIER = com.vadym.patalakh.StockPerformanceComparer;
				PRODUCT_NAME = "$(TARGET_NAME)";
				SWIFT_VERSION = 5.0;
				TARGETED_DEVICE_FAMILY = "1,2";
			};
			name = Debug;
		};
		4758FE802531D337009E8EFA /* Release */ = {
			isa = XCBuildConfiguration;
			buildSettings = {
				ASSETCATALOG_COMPILER_APPICON_NAME = AppIcon;
				ASSETCATALOG_COMPILER_GLOBAL_ACCENT_COLOR_NAME = AccentColor;
				CODE_SIGN_STYLE = Automatic;
				DEVELOPMENT_TEAM = UFVQR8GUDT;
				INFOPLIST_FILE = StockPerformanceComparer/Info.plist;
				LD_RUNPATH_SEARCH_PATHS = (
					"$(inherited)",
					"@executable_path/Frameworks",
				);
				PRODUCT_BUNDLE_IDENTIFIER = com.vadym.patalakh.StockPerformanceComparer;
				PRODUCT_NAME = "$(TARGET_NAME)";
				SWIFT_VERSION = 5.0;
				TARGETED_DEVICE_FAMILY = "1,2";
			};
			name = Release;
		};
/* End XCBuildConfiguration section */

/* Begin XCConfigurationList section */
		4758FE652531D335009E8EFA /* Build configuration list for PBXProject "StockPerformanceComparer" */ = {
			isa = XCConfigurationList;
			buildConfigurations = (
				4758FE7C2531D337009E8EFA /* Debug */,
				4758FE7D2531D337009E8EFA /* Release */,
			);
			defaultConfigurationIsVisible = 0;
			defaultConfigurationName = Release;
		};
		4758FE7E2531D337009E8EFA /* Build configuration list for PBXNativeTarget "StockPerformanceComparer" */ = {
			isa = XCConfigurationList;
			buildConfigurations = (
				4758FE7F2531D337009E8EFA /* Debug */,
				4758FE802531D337009E8EFA /* Release */,
			);
			defaultConfigurationIsVisible = 0;
			defaultConfigurationName = Release;
		};
/* End XCConfigurationList section */
	};
	rootObject = 4758FE622531D335009E8EFA /* Project object */;
}
